{
  "name": "aggridutilities",
  "version": "1.0.0",
  "lockfileVersion": 1,
  "requires": true,
  "dependencies": {
    "ag-grid-angular": {
      "version": "21.2.0",
      "resolved": "https://registry.npmjs.org/ag-grid-angular/-/ag-grid-angular-21.2.0.tgz",
      "integrity": "sha512-iZk6vcQioUCkDODyP71IaxYBi9fvb4sB7+xJy/LXzKSo/Hf+Gn16pkg2woZ0abInUDzgytPuZrjetUT0vwxTHg=="
    },
    "ag-grid-community": {
      "version": "21.2.0",
      "resolved": "https://registry.npmjs.org/ag-grid-community/-/ag-grid-community-21.2.0.tgz",
      "integrity": "sha512-bossHXADFXRI747MJ6l4TUSQZlUXLAyLVEXz6pdJERmBYINrEWxZdfS0sRLDbediMG3de7W+ZGqq38nffLQA3A=="
    },
    "tslib": {
      "version": "1.10.0",
      "resolved": "https://registry.npmjs.org/tslib/-/tslib-1.10.0.tgz",
      "integrity": "sha512-qOebF53frne81cf0S9B41ByenJ3/IuH8yJKngAX35CmiZySA0khhkovshKK+jGCaMnVomla7gVlIcc3EvKPbTQ=="
    }
  }
}
